
Microsoft Visual Studio Solution File, Format Version 12.00
Project("{2150E333-8FDC-42A3-9474-1A3956D46DE8}") = "src", "src", "{A4592D61-054F-4FA1-808E-338920BADE4C}"
	ProjectSection(SolutionItems) = preProject
		.gitignore = .gitignore
	EndProjectSection
EndProject
Project("{FAE04EC0-301F-11D3-BF4B-00C04F79EFBC}") = "EnglishTutorAI.Infrastructure", "EnglishTutorAI.Infrastructure\EnglishTutorAI.Infrastructure.csproj", "{05FD7892-90AB-47B1-A236-48D26DAA8B41}"
EndProject
Project("{FAE04EC0-301F-11D3-BF4B-00C04F79EFBC}") = "EnglishTutorAI.Application", "EnglishTutorAI.Application\EnglishTutorAI.Application.csproj", "{000E3CFF-3EE2-4ECB-8FD6-DE548C813AF8}"
EndProject
Project("{FAE04EC0-301F-11D3-BF4B-00C04F79EFBC}") = "EnglishTutorAI.WebApi", "EnglishTutorAI.WebApi\EnglishTutorAI.WebApi.csproj", "{357A11F7-4253-443B-8AF6-F91487B37B8C}"
EndProject
Global
	GlobalSection(SolutionConfigurationPlatforms) = preSolution
		Debug|Any CPU = Debug|Any CPU
		Release|Any CPU = Release|Any CPU
	EndGlobalSection
	GlobalSection(ProjectConfigurationPlatforms) = postSolution
		{05FD7892-90AB-47B1-A236-48D26DAA8B41}.Debug|Any CPU.ActiveCfg = Debug|Any CPU
		{05FD7892-90AB-47B1-A236-48D26DAA8B41}.Debug|Any CPU.Build.0 = Debug|Any CPU
		{05FD7892-90AB-47B1-A236-48D26DAA8B41}.Release|Any CPU.ActiveCfg = Release|Any CPU
		{05FD7892-90AB-47B1-A236-48D26DAA8B41}.Release|Any CPU.Build.0 = Release|Any CPU
		{000E3CFF-3EE2-4ECB-8FD6-DE548C813AF8}.Debug|Any CPU.ActiveCfg = Debug|Any CPU
		{000E3CFF-3EE2-4ECB-8FD6-DE548C813AF8}.Debug|Any CPU.Build.0 = Debug|Any CPU
		{000E3CFF-3EE2-4ECB-8FD6-DE548C813AF8}.Release|Any CPU.ActiveCfg = Release|Any CPU
		{000E3CFF-3EE2-4ECB-8FD6-DE548C813AF8}.Release|Any CPU.Build.0 = Release|Any CPU
		{357A11F7-4253-443B-8AF6-F91487B37B8C}.Debug|Any CPU.ActiveCfg = Debug|Any CPU
		{357A11F7-4253-443B-8AF6-F91487B37B8C}.Debug|Any CPU.Build.0 = Debug|Any CPU
		{357A11F7-4253-443B-8AF6-F91487B37B8C}.Release|Any CPU.ActiveCfg = Release|Any CPU
		{357A11F7-4253-443B-8AF6-F91487B37B8C}.Release|Any CPU.Build.0 = Release|Any CPU
	EndGlobalSection
	GlobalSection(NestedProjects) = preSolution
		{05FD7892-90AB-47B1-A236-48D26DAA8B41} = {A4592D61-054F-4FA1-808E-338920BADE4C}
		{000E3CFF-3EE2-4ECB-8FD6-DE548C813AF8} = {A4592D61-054F-4FA1-808E-338920BADE4C}
		{357A11F7-4253-443B-8AF6-F91487B37B8C} = {A4592D61-054F-4FA1-808E-338920BADE4C}
	EndGlobalSection
EndGlobal
